
Microsoft Visual Studio Solution File, Format Version 12.00
# Visual Studio Version 16
VisualStudioVersion = 16.0.30517.126
MinimumVisualStudioVersion = 10.0.40219.1
Project("{FAE04EC0-301F-11D3-BF4B-00C04F79EFBC}") = "PipesAndFilters", "PipesAndFilters\PipesAndFilters.csproj", "{D44C1B3F-A4C4-4B60-82DE-077D337B724C}"
EndProject
Global
	GlobalSection(SolutionConfigurationPlatforms) = preSolution
		Debug|Any CPU = Debug|Any CPU
		Release|Any CPU = Release|Any CPU
	EndGlobalSection
	GlobalSection(ProjectConfigurationPlatforms) = postSolution
		{D44C1B3F-A4C4-4B60-82DE-077D337B724C}.Debug|Any CPU.ActiveCfg = Debug|Any CPU
		{D44C1B3F-A4C4-4B60-82DE-077D337B724C}.Debug|Any CPU.Build.0 = Debug|Any CPU
		{D44C1B3F-A4C4-4B60-82DE-077D337B724C}.Release|Any CPU.ActiveCfg = Release|Any CPU
		{D44C1B3F-A4C4-4B60-82DE-077D337B724C}.Release|Any CPU.Build.0 = Release|Any CPU
	EndGlobalSection
	GlobalSection(SolutionProperties) = preSolution
		HideSolutionNode = FALSE
	EndGlobalSection
	GlobalSection(ExtensibilityGlobals) = postSolution
		SolutionGuid = {26C5092F-2C81-4CA3-A5AD-47DE58E2E4CA}
	EndGlobalSection
EndGlobal
